
Microsoft Visual Studio Solution File, Format Version 12.00
# Visual Studio Version 16
VisualStudioVersion = 16.0.31313.79
MinimumVisualStudioVersion = 10.0.40219.1
Project("{9A19103F-16F7-4668-BE54-9A1E7A4F7556}") = "BlogApp.Web", "BlogApp.Web\BlogApp.Web.csproj", "{2F266B57-1C1C-4C77-8210-86303978CBF0}"
EndProject
Project("{FAE04EC0-301F-11D3-BF4B-00C04F79EFBC}") = "BlogApp.Models", "BlogApp.Models\BlogApp.Models.csproj", "{00F5EDA4-9C68-4425-9BFD-4397B50E5D50}"
EndProject
Project("{FAE04EC0-301F-11D3-BF4B-00C04F79EFBC}") = "BlogApp.Repository", "BlogApp.Repository\BlogApp.Repository.csproj", "{949E7CE7-981A-4D12-8EC5-41A414E11ED1}"
EndProject
Global
	GlobalSection(SolutionConfigurationPlatforms) = preSolution
		Debug|Any CPU = Debug|Any CPU
		Release|Any CPU = Release|Any CPU
	EndGlobalSection
	GlobalSection(ProjectConfigurationPlatforms) = postSolution
		{2F266B57-1C1C-4C77-8210-86303978CBF0}.Debug|Any CPU.ActiveCfg = Debug|Any CPU
		{2F266B57-1C1C-4C77-8210-86303978CBF0}.Debug|Any CPU.Build.0 = Debug|Any CPU
		{2F266B57-1C1C-4C77-8210-86303978CBF0}.Release|Any CPU.ActiveCfg = Release|Any CPU
		{2F266B57-1C1C-4C77-8210-86303978CBF0}.Release|Any CPU.Build.0 = Release|Any CPU
		{00F5EDA4-9C68-4425-9BFD-4397B50E5D50}.Debug|Any CPU.ActiveCfg = Debug|Any CPU
		{00F5EDA4-9C68-4425-9BFD-4397B50E5D50}.Debug|Any CPU.Build.0 = Debug|Any CPU
		{00F5EDA4-9C68-4425-9BFD-4397B50E5D50}.Release|Any CPU.ActiveCfg = Release|Any CPU
		{00F5EDA4-9C68-4425-9BFD-4397B50E5D50}.Release|Any CPU.Build.0 = Release|Any CPU
		{949E7CE7-981A-4D12-8EC5-41A414E11ED1}.Debug|Any CPU.ActiveCfg = Debug|Any CPU
		{949E7CE7-981A-4D12-8EC5-41A414E11ED1}.Debug|Any CPU.Build.0 = Debug|Any CPU
		{949E7CE7-981A-4D12-8EC5-41A414E11ED1}.Release|Any CPU.ActiveCfg = Release|Any CPU
		{949E7CE7-981A-4D12-8EC5-41A414E11ED1}.Release|Any CPU.Build.0 = Release|Any CPU
	EndGlobalSection
	GlobalSection(SolutionProperties) = preSolution
		HideSolutionNode = FALSE
	EndGlobalSection
	GlobalSection(ExtensibilityGlobals) = postSolution
		SolutionGuid = {74A43D9A-86C4-4B44-829F-705937410BB0}
	EndGlobalSection
EndGlobal
